// !$*UTF8*$!
{
	archiveVersion = 1;
	classes = {
	};
	objectVersion = 56;
	objects = {

/* Begin PBXBuildFile section */
		6E2B8CEA2A1D84BA00396722 /* RantingAppApp.swift in Sources */ = {isa = PBXBuildFile; fileRef = 6E2B8CE92A1D84BA00396722 /* RantingAppApp.swift */; };
		6E2B8CEE2A1D84BA00396722 /* Assets.xcassets in Resources */ = {isa = PBXBuildFile; fileRef = 6E2B8CED2A1D84BA00396722 /* Assets.xcassets */; };
		6E2B8CF12A1D84BA00396722 /* Preview Assets.xcassets in Resources */ = {isa = PBXBuildFile; fileRef = 6E2B8CF02A1D84BA00396722 /* Preview Assets.xcassets */; };
		6E385F972A23E96600C4909A /* UserAgreement.swift in Sources */ = {isa = PBXBuildFile; fileRef = 6E385F962A23E96600C4909A /* UserAgreement.swift */; };
		6E385F992A23EAAB00C4909A /* PageView.swift in Sources */ = {isa = PBXBuildFile; fileRef = 6E385F982A23EAAB00C4909A /* PageView.swift */; };
		6E492C972A27FF0000FF8F69 /* RemindersView.swift in Sources */ = {isa = PBXBuildFile; fileRef = 6E492C962A27FF0000FF8F69 /* RemindersView.swift */; };
		6E4F9BEB2A1FD9500000CF78 /* HomeScreenView.swift in Sources */ = {isa = PBXBuildFile; fileRef = 6E4F9BEA2A1FD9500000CF78 /* HomeScreenView.swift */; };
		6E4F9BEF2A20109B0000CF78 /* AffirmationAPI.swift in Sources */ = {isa = PBXBuildFile; fileRef = 6E4F9BEE2A20109B0000CF78 /* AffirmationAPI.swift */; };
		6E4F9BF12A2013EA0000CF78 /* BackupAffirmations.json in Resources */ = {isa = PBXBuildFile; fileRef = 6E4F9BF02A2013EA0000CF78 /* BackupAffirmations.json */; };
		6E4F9BF32A20154E0000CF78 /* BackupAffirmation.swift in Sources */ = {isa = PBXBuildFile; fileRef = 6E4F9BF22A20154E0000CF78 /* BackupAffirmation.swift */; };
		6E4F9BF52A2025C30000CF78 /* ArticleCard.swift in Sources */ = {isa = PBXBuildFile; fileRef = 6E4F9BF42A2025C30000CF78 /* ArticleCard.swift */; };
		6E4F9BFA2A2177AA0000CF78 /* Day.swift in Sources */ = {isa = PBXBuildFile; fileRef = 6E4F9BF92A2177AA0000CF78 /* Day.swift */; };
		6E4F9BFC2A2178580000CF78 /* MoodCalendarView.swift in Sources */ = {isa = PBXBuildFile; fileRef = 6E4F9BFB2A2178580000CF78 /* MoodCalendarView.swift */; };
		6E4F9BFE2A217C540000CF78 /* DayDetailView.swift in Sources */ = {isa = PBXBuildFile; fileRef = 6E4F9BFD2A217C540000CF78 /* DayDetailView.swift */; };
		6E4F9C012A21875A0000CF78 /* TrackingPreferenceView.swift in Sources */ = {isa = PBXBuildFile; fileRef = 6E4F9C002A21875A0000CF78 /* TrackingPreferenceView.swift */; };
		6E4F9C032A218EDD0000CF78 /* UserPreferences.swift in Sources */ = {isa = PBXBuildFile; fileRef = 6E4F9C022A218EDD0000CF78 /* UserPreferences.swift */; };
		6E4F9C082A2313B70000CF78 /* ColorThemeView.swift in Sources */ = {isa = PBXBuildFile; fileRef = 6E4F9C072A2313B70000CF78 /* ColorThemeView.swift */; };
		6E4F9C0A2A232D500000CF78 /* OnboardingView.swift in Sources */ = {isa = PBXBuildFile; fileRef = 6E4F9C092A232D500000CF78 /* OnboardingView.swift */; };
		6E879E192A3E9A79007ED82E /* JournalStore.swift in Sources */ = {isa = PBXBuildFile; fileRef = 6E879E182A3E9A79007ED82E /* JournalStore.swift */; };
		6E879E1B2A3E9B09007ED82E /* JournalEntry.swift in Sources */ = {isa = PBXBuildFile; fileRef = 6E879E1A2A3E9B09007ED82E /* JournalEntry.swift */; };
		6E879E1D2A3EA00A007ED82E /* Date+Extension.swift in Sources */ = {isa = PBXBuildFile; fileRef = 6E879E1C2A3EA00A007ED82E /* Date+Extension.swift */; };
		6E879E242A3EA6EB007ED82E /* EntryFormView.swift in Sources */ = {isa = PBXBuildFile; fileRef = 6E879E232A3EA6EB007ED82E /* EntryFormView.swift */; };
		6E879E262A3EA70F007ED82E /* EntryFormViewModel.swift in Sources */ = {isa = PBXBuildFile; fileRef = 6E879E252A3EA70F007ED82E /* EntryFormViewModel.swift */; };
		6E879E282A3EA72F007ED82E /* EntryFormType.swift in Sources */ = {isa = PBXBuildFile; fileRef = 6E879E272A3EA72F007ED82E /* EntryFormType.swift */; };
		6E879E2A2A3EC3A5007ED82E /* EntriesListView.swift in Sources */ = {isa = PBXBuildFile; fileRef = 6E879E292A3EC3A5007ED82E /* EntriesListView.swift */; };
		6E879E2C2A3EC3BB007ED82E /* ListViewRows.swift in Sources */ = {isa = PBXBuildFile; fileRef = 6E879E2B2A3EC3BB007ED82E /* ListViewRows.swift */; };
		6E879E2E2A3EC406007ED82E /* EventsCalendarView.swift in Sources */ = {isa = PBXBuildFile; fileRef = 6E879E2D2A3EC406007ED82E /* EventsCalendarView.swift */; };
		6E879E312A411D44007ED82E /* CustomTabBar.swift in Sources */ = {isa = PBXBuildFile; fileRef = 6E879E302A411D44007ED82E /* CustomTabBar.swift */; };
		6E9AFC732A526182008DF0B7 /* TabBarItem.swift in Sources */ = {isa = PBXBuildFile; fileRef = 6E9AFC722A526182008DF0B7 /* TabBarItem.swift */; };
		6E9AFC752A52619B008DF0B7 /* TabBarItemsPreferenceKey.swift in Sources */ = {isa = PBXBuildFile; fileRef = 6E9AFC742A52619B008DF0B7 /* TabBarItemsPreferenceKey.swift */; };
		6E9AFC772A5261B7008DF0B7 /* CustomTabBarContainerView.swift in Sources */ = {isa = PBXBuildFile; fileRef = 6E9AFC762A5261B7008DF0B7 /* CustomTabBarContainerView.swift */; };
		6E9AFC792A5261C6008DF0B7 /* CustomTabBarView.swift in Sources */ = {isa = PBXBuildFile; fileRef = 6E9AFC782A5261C6008DF0B7 /* CustomTabBarView.swift */; };
		6E9AFC7B2A5261D9008DF0B7 /* AppTabBarView.swift in Sources */ = {isa = PBXBuildFile; fileRef = 6E9AFC7A2A5261D9008DF0B7 /* AppTabBarView.swift */; };
		6EA310EF2A242EF2009A807F /* WelcomeView.swift in Sources */ = {isa = PBXBuildFile; fileRef = 6EA310EE2A242EF2009A807F /* WelcomeView.swift */; };
		6EA310F12A259D62009A807F /* ContentView.swift in Sources */ = {isa = PBXBuildFile; fileRef = 6EA310F02A259D62009A807F /* ContentView.swift */; };
		6EA310F32A259E33009A807F /* SettingsView.swift in Sources */ = {isa = PBXBuildFile; fileRef = 6EA310F22A259E33009A807F /* SettingsView.swift */; };
		6EBCCEA02A4BAFD200079E4E /* HomeView.swift in Sources */ = {isa = PBXBuildFile; fileRef = 6EBCCE9F2A4BAFD200079E4E /* HomeView.swift */; };
		6EBCCEA22A4C00F500079E4E /* PetView.swift in Sources */ = {isa = PBXBuildFile; fileRef = 6EBCCEA12A4C00F500079E4E /* PetView.swift */; };
/* End PBXBuildFile section */

/* Begin PBXFileReference section */
		6E2B8CE62A1D84BA00396722 /* RantingApp.app */ = {isa = PBXFileReference; explicitFileType = wrapper.application; includeInIndex = 0; path = RantingApp.app; sourceTree = BUILT_PRODUCTS_DIR; };
		6E2B8CE92A1D84BA00396722 /* RantingAppApp.swift */ = {isa = PBXFileReference; lastKnownFileType = sourcecode.swift; path = RantingAppApp.swift; sourceTree = "<group>"; };
		6E2B8CED2A1D84BA00396722 /* Assets.xcassets */ = {isa = PBXFileReference; lastKnownFileType = folder.assetcatalog; path = Assets.xcassets; sourceTree = "<group>"; };
		6E2B8CF02A1D84BA00396722 /* Preview Assets.xcassets */ = {isa = PBXFileReference; lastKnownFileType = folder.assetcatalog; path = "Preview Assets.xcassets"; sourceTree = "<group>"; };
		6E385F962A23E96600C4909A /* UserAgreement.swift */ = {isa = PBXFileReference; lastKnownFileType = sourcecode.swift; path = UserAgreement.swift; sourceTree = "<group>"; };
		6E385F982A23EAAB00C4909A /* PageView.swift */ = {isa = PBXFileReference; lastKnownFileType = sourcecode.swift; path = PageView.swift; sourceTree = "<group>"; };
		6E492C962A27FF0000FF8F69 /* RemindersView.swift */ = {isa = PBXFileReference; lastKnownFileType = sourcecode.swift; path = RemindersView.swift; sourceTree = "<group>"; };
		6E4F9BEA2A1FD9500000CF78 /* HomeScreenView.swift */ = {isa = PBXFileReference; lastKnownFileType = sourcecode.swift; path = HomeScreenView.swift; sourceTree = "<group>"; };
		6E4F9BEE2A20109B0000CF78 /* AffirmationAPI.swift */ = {isa = PBXFileReference; lastKnownFileType = sourcecode.swift; path = AffirmationAPI.swift; sourceTree = "<group>"; };
		6E4F9BF02A2013EA0000CF78 /* BackupAffirmations.json */ = {isa = PBXFileReference; lastKnownFileType = text.json; path = BackupAffirmations.json; sourceTree = "<group>"; };
		6E4F9BF22A20154E0000CF78 /* BackupAffirmation.swift */ = {isa = PBXFileReference; lastKnownFileType = sourcecode.swift; path = BackupAffirmation.swift; sourceTree = "<group>"; };
		6E4F9BF42A2025C30000CF78 /* ArticleCard.swift */ = {isa = PBXFileReference; lastKnownFileType = sourcecode.swift; path = ArticleCard.swift; sourceTree = "<group>"; };
		6E4F9BF92A2177AA0000CF78 /* Day.swift */ = {isa = PBXFileReference; lastKnownFileType = sourcecode.swift; path = Day.swift; sourceTree = "<group>"; };
		6E4F9BFB2A2178580000CF78 /* MoodCalendarView.swift */ = {isa = PBXFileReference; lastKnownFileType = sourcecode.swift; path = MoodCalendarView.swift; sourceTree = "<group>"; };
		6E4F9BFD2A217C540000CF78 /* DayDetailView.swift */ = {isa = PBXFileReference; lastKnownFileType = sourcecode.swift; path = DayDetailView.swift; sourceTree = "<group>"; };
		6E4F9C002A21875A0000CF78 /* TrackingPreferenceView.swift */ = {isa = PBXFileReference; lastKnownFileType = sourcecode.swift; path = TrackingPreferenceView.swift; sourceTree = "<group>"; };
		6E4F9C022A218EDD0000CF78 /* UserPreferences.swift */ = {isa = PBXFileReference; lastKnownFileType = sourcecode.swift; path = UserPreferences.swift; sourceTree = "<group>"; };
		6E4F9C072A2313B70000CF78 /* ColorThemeView.swift */ = {isa = PBXFileReference; lastKnownFileType = sourcecode.swift; path = ColorThemeView.swift; sourceTree = "<group>"; };
		6E4F9C092A232D500000CF78 /* OnboardingView.swift */ = {isa = PBXFileReference; lastKnownFileType = sourcecode.swift; path = OnboardingView.swift; sourceTree = "<group>"; };
		6E879E182A3E9A79007ED82E /* JournalStore.swift */ = {isa = PBXFileReference; lastKnownFileType = sourcecode.swift; path = JournalStore.swift; sourceTree = "<group>"; };
		6E879E1A2A3E9B09007ED82E /* JournalEntry.swift */ = {isa = PBXFileReference; lastKnownFileType = sourcecode.swift; path = JournalEntry.swift; sourceTree = "<group>"; };
		6E879E1C2A3EA00A007ED82E /* Date+Extension.swift */ = {isa = PBXFileReference; lastKnownFileType = sourcecode.swift; path = "Date+Extension.swift"; sourceTree = "<group>"; };
		6E879E232A3EA6EB007ED82E /* EntryFormView.swift */ = {isa = PBXFileReference; lastKnownFileType = sourcecode.swift; path = EntryFormView.swift; sourceTree = "<group>"; };
		6E879E252A3EA70F007ED82E /* EntryFormViewModel.swift */ = {isa = PBXFileReference; lastKnownFileType = sourcecode.swift; path = EntryFormViewModel.swift; sourceTree = "<group>"; };
		6E879E272A3EA72F007ED82E /* EntryFormType.swift */ = {isa = PBXFileReference; lastKnownFileType = sourcecode.swift; path = EntryFormType.swift; sourceTree = "<group>"; };
		6E879E292A3EC3A5007ED82E /* EntriesListView.swift */ = {isa = PBXFileReference; lastKnownFileType = sourcecode.swift; path = EntriesListView.swift; sourceTree = "<group>"; };
		6E879E2B2A3EC3BB007ED82E /* ListViewRows.swift */ = {isa = PBXFileReference; lastKnownFileType = sourcecode.swift; path = ListViewRows.swift; sourceTree = "<group>"; };
		6E879E2D2A3EC406007ED82E /* EventsCalendarView.swift */ = {isa = PBXFileReference; lastKnownFileType = sourcecode.swift; path = EventsCalendarView.swift; sourceTree = "<group>"; };
		6E879E302A411D44007ED82E /* CustomTabBar.swift */ = {isa = PBXFileReference; lastKnownFileType = sourcecode.swift; path = CustomTabBar.swift; sourceTree = "<group>"; };
		6E9AFC722A526182008DF0B7 /* TabBarItem.swift */ = {isa = PBXFileReference; lastKnownFileType = sourcecode.swift; path = TabBarItem.swift; sourceTree = "<group>"; };
		6E9AFC742A52619B008DF0B7 /* TabBarItemsPreferenceKey.swift */ = {isa = PBXFileReference; lastKnownFileType = sourcecode.swift; path = TabBarItemsPreferenceKey.swift; sourceTree = "<group>"; };
		6E9AFC762A5261B7008DF0B7 /* CustomTabBarContainerView.swift */ = {isa = PBXFileReference; lastKnownFileType = sourcecode.swift; path = CustomTabBarContainerView.swift; sourceTree = "<group>"; };
		6E9AFC782A5261C6008DF0B7 /* CustomTabBarView.swift */ = {isa = PBXFileReference; lastKnownFileType = sourcecode.swift; path = CustomTabBarView.swift; sourceTree = "<group>"; };
		6E9AFC7A2A5261D9008DF0B7 /* AppTabBarView.swift */ = {isa = PBXFileReference; lastKnownFileType = sourcecode.swift; path = AppTabBarView.swift; sourceTree = "<group>"; };
		6EA310EE2A242EF2009A807F /* WelcomeView.swift */ = {isa = PBXFileReference; lastKnownFileType = sourcecode.swift; path = WelcomeView.swift; sourceTree = "<group>"; };
		6EA310F02A259D62009A807F /* ContentView.swift */ = {isa = PBXFileReference; lastKnownFileType = sourcecode.swift; path = ContentView.swift; sourceTree = "<group>"; };
		6EA310F22A259E33009A807F /* SettingsView.swift */ = {isa = PBXFileReference; lastKnownFileType = sourcecode.swift; path = SettingsView.swift; sourceTree = "<group>"; };
		6EBCCE9F2A4BAFD200079E4E /* HomeView.swift */ = {isa = PBXFileReference; lastKnownFileType = sourcecode.swift; path = HomeView.swift; sourceTree = "<group>"; };
		6EBCCEA12A4C00F500079E4E /* PetView.swift */ = {isa = PBXFileReference; lastKnownFileType = sourcecode.swift; path = PetView.swift; sourceTree = "<group>"; };
/* End PBXFileReference section */

/* Begin PBXFrameworksBuildPhase section */
		6E2B8CE32A1D84BA00396722 /* Frameworks */ = {
			isa = PBXFrameworksBuildPhase;
			buildActionMask = 2147483647;
			files = (
			);
			runOnlyForDeploymentPostprocessing = 0;
		};
/* End PBXFrameworksBuildPhase section */

/* Begin PBXGroup section */
		6E2B8CDD2A1D84BA00396722 = {
			isa = PBXGroup;
			children = (
				6E9AFC6F2A526148008DF0B7 /* CustomTabBar */,
				6EBCCEA12A4C00F500079E4E /* PetView.swift */,
				6EBCCE9F2A4BAFD200079E4E /* HomeView.swift */,
				6E2B8CE82A1D84BA00396722 /* RantingApp */,
				6E2B8CE72A1D84BA00396722 /* Products */,
			);
			sourceTree = "<group>";
		};
		6E2B8CE72A1D84BA00396722 /* Products */ = {
			isa = PBXGroup;
			children = (
				6E2B8CE62A1D84BA00396722 /* RantingApp.app */,
			);
			name = Products;
			sourceTree = "<group>";
		};
		6E2B8CE82A1D84BA00396722 /* RantingApp */ = {
			isa = PBXGroup;
			children = (
				6E879E2F2A411D09007ED82E /* CustomTabBar */,
				6E879E142A3E99A6007ED82E /* JournalEntry */,
				6E492C952A27FEE900FF8F69 /* SelfCareReminders */,
				6E4F9C042A230AA10000CF78 /* Onboarding */,
				6E4F9BF82A2177680000CF78 /* MoodTracking */,
				6E4F9BEC2A200E850000CF78 /* Views */,
				6E2B8CE92A1D84BA00396722 /* RantingAppApp.swift */,
				6E2B8CED2A1D84BA00396722 /* Assets.xcassets */,
				6E2B8CEF2A1D84BA00396722 /* Preview Content */,
				6E4F9BF62A2138490000CF78 /* Affirmation */,
				6E4F9BF42A2025C30000CF78 /* ArticleCard.swift */,
				6E879E1C2A3EA00A007ED82E /* Date+Extension.swift */,
			);
			path = RantingApp;
			sourceTree = "<group>";
		};
		6E2B8CEF2A1D84BA00396722 /* Preview Content */ = {
			isa = PBXGroup;
			children = (
				6E2B8CF02A1D84BA00396722 /* Preview Assets.xcassets */,
			);
			path = "Preview Content";
			sourceTree = "<group>";
		};
		6E492C952A27FEE900FF8F69 /* SelfCareReminders */ = {
			isa = PBXGroup;
			children = (
				6E492C962A27FF0000FF8F69 /* RemindersView.swift */,
			);
			path = SelfCareReminders;
			sourceTree = "<group>";
		};
		6E4F9BEC2A200E850000CF78 /* Views */ = {
			isa = PBXGroup;
			children = (
				6E4F9BEA2A1FD9500000CF78 /* HomeScreenView.swift */,
				6EA310F02A259D62009A807F /* ContentView.swift */,
				6EA310F22A259E33009A807F /* SettingsView.swift */,
			);
			path = Views;
			sourceTree = "<group>";
		};
		6E4F9BF62A2138490000CF78 /* Affirmation */ = {
			isa = PBXGroup;
			children = (
				6E4F9BEE2A20109B0000CF78 /* AffirmationAPI.swift */,
				6E4F9BF02A2013EA0000CF78 /* BackupAffirmations.json */,
				6E4F9BF22A20154E0000CF78 /* BackupAffirmation.swift */,
			);
			path = Affirmation;
			sourceTree = "<group>";
		};
		6E4F9BF82A2177680000CF78 /* MoodTracking */ = {
			isa = PBXGroup;
			children = (
				6E4F9BF92A2177AA0000CF78 /* Day.swift */,
				6E4F9BFB2A2178580000CF78 /* MoodCalendarView.swift */,
				6E4F9BFD2A217C540000CF78 /* DayDetailView.swift */,
			);
			path = MoodTracking;
			sourceTree = "<group>";
		};
		6E4F9BFF2A2187380000CF78 /* FirstUse */ = {
			isa = PBXGroup;
			children = (
				6E4F9C002A21875A0000CF78 /* TrackingPreferenceView.swift */,
				6E4F9C022A218EDD0000CF78 /* UserPreferences.swift */,
				6E4F9C072A2313B70000CF78 /* ColorThemeView.swift */,
				6E385F962A23E96600C4909A /* UserAgreement.swift */,
				6EA310EE2A242EF2009A807F /* WelcomeView.swift */,
			);
			path = FirstUse;
			sourceTree = "<group>";
		};
		6E4F9C042A230AA10000CF78 /* Onboarding */ = {
			isa = PBXGroup;
			children = (
				6E4F9BFF2A2187380000CF78 /* FirstUse */,
				6E4F9C092A232D500000CF78 /* OnboardingView.swift */,
				6E385F982A23EAAB00C4909A /* PageView.swift */,
			);
			path = Onboarding;
			sourceTree = "<group>";
		};
		6E879E142A3E99A6007ED82E /* JournalEntry */ = {
			isa = PBXGroup;
			children = (
				6E879E172A3E9A36007ED82E /* Models */,
				6E879E162A3E9A25007ED82E /* Views */,
			);
			path = JournalEntry;
			sourceTree = "<group>";
		};
		6E879E162A3E9A25007ED82E /* Views */ = {
			isa = PBXGroup;
			children = (
				6E879E222A3EA692007ED82E /* EditUpdateView */,
				6E879E212A3EA67A007ED82E /* CalendarViewTab */,
				6E879E202A3EA667007ED82E /* ListViewTab */,
			);
			path = Views;
			sourceTree = "<group>";
		};
		6E879E172A3E9A36007ED82E /* Models */ = {
			isa = PBXGroup;
			children = (
				6E879E182A3E9A79007ED82E /* JournalStore.swift */,
				6E879E1A2A3E9B09007ED82E /* JournalEntry.swift */,
			);
			path = Models;
			sourceTree = "<group>";
		};
		6E879E202A3EA667007ED82E /* ListViewTab */ = {
			isa = PBXGroup;
			children = (
				6E879E292A3EC3A5007ED82E /* EntriesListView.swift */,
				6E879E2B2A3EC3BB007ED82E /* ListViewRows.swift */,
			);
			path = ListViewTab;
			sourceTree = "<group>";
		};
		6E879E212A3EA67A007ED82E /* CalendarViewTab */ = {
			isa = PBXGroup;
			children = (
				6E879E2D2A3EC406007ED82E /* EventsCalendarView.swift */,
			);
			path = CalendarViewTab;
			sourceTree = "<group>";
		};
		6E879E222A3EA692007ED82E /* EditUpdateView */ = {
			isa = PBXGroup;
			children = (
				6E879E232A3EA6EB007ED82E /* EntryFormView.swift */,
				6E879E252A3EA70F007ED82E /* EntryFormViewModel.swift */,
				6E879E272A3EA72F007ED82E /* EntryFormType.swift */,
			);
			path = EditUpdateView;
			sourceTree = "<group>";
		};
		6E879E2F2A411D09007ED82E /* CustomTabBar */ = {
			isa = PBXGroup;
			children = (
				6E879E302A411D44007ED82E /* CustomTabBar.swift */,
			);
			path = CustomTabBar;
			sourceTree = "<group>";
		};
		6E9AFC6F2A526148008DF0B7 /* CustomTabBar */ = {
			isa = PBXGroup;
			children = (
				6E9AFC712A52616A008DF0B7 /* Views */,
				6E9AFC702A526159008DF0B7 /* Models */,
			);
			path = CustomTabBar;
			sourceTree = "<group>";
		};
		6E9AFC702A526159008DF0B7 /* Models */ = {
			isa = PBXGroup;
			children = (
				6E9AFC722A526182008DF0B7 /* TabBarItem.swift */,
				6E9AFC742A52619B008DF0B7 /* TabBarItemsPreferenceKey.swift */,
			);
			path = Models;
			sourceTree = "<group>";
		};
		6E9AFC712A52616A008DF0B7 /* Views */ = {
			isa = PBXGroup;
			children = (
				6E9AFC762A5261B7008DF0B7 /* CustomTabBarContainerView.swift */,
				6E9AFC782A5261C6008DF0B7 /* CustomTabBarView.swift */,
				6E9AFC7A2A5261D9008DF0B7 /* AppTabBarView.swift */,
			);
			path = Views;
			sourceTree = "<group>";
		};
/* End PBXGroup section */

/* Begin PBXNativeTarget section */
		6E2B8CE52A1D84BA00396722 /* RantingApp */ = {
			isa = PBXNativeTarget;
			buildConfigurationList = 6E2B8CF42A1D84BA00396722 /* Build configuration list for PBXNativeTarget "RantingApp" */;
			buildPhases = (
				6E2B8CE22A1D84BA00396722 /* Sources */,
				6E2B8CE32A1D84BA00396722 /* Frameworks */,
				6E2B8CE42A1D84BA00396722 /* Resources */,
			);
			buildRules = (
			);
			dependencies = (
			);
			name = RantingApp;
			productName = RantingApp;
			productReference = 6E2B8CE62A1D84BA00396722 /* RantingApp.app */;
			productType = "com.apple.product-type.application";
		};
/* End PBXNativeTarget section */

/* Begin PBXProject section */
		6E2B8CDE2A1D84BA00396722 /* Project object */ = {
			isa = PBXProject;
			attributes = {
				BuildIndependentTargetsInParallel = 1;
				LastSwiftUpdateCheck = 1410;
				LastUpgradeCheck = 1410;
				TargetAttributes = {
					6E2B8CE52A1D84BA00396722 = {
						CreatedOnToolsVersion = 14.1;
					};
				};
			};
			buildConfigurationList = 6E2B8CE12A1D84BA00396722 /* Build configuration list for PBXProject "RantingApp" */;
			compatibilityVersion = "Xcode 14.0";
			developmentRegion = en;
			hasScannedForEncodings = 0;
			knownRegions = (
				en,
				Base,
			);
			mainGroup = 6E2B8CDD2A1D84BA00396722;
			productRefGroup = 6E2B8CE72A1D84BA00396722 /* Products */;
			projectDirPath = "";
			projectRoot = "";
			targets = (
				6E2B8CE52A1D84BA00396722 /* RantingApp */,
			);
		};
/* End PBXProject section */

/* Begin PBXResourcesBuildPhase section */
		6E2B8CE42A1D84BA00396722 /* Resources */ = {
			isa = PBXResourcesBuildPhase;
			buildActionMask = 2147483647;
			files = (
				6E2B8CF12A1D84BA00396722 /* Preview Assets.xcassets in Resources */,
				6E2B8CEE2A1D84BA00396722 /* Assets.xcassets in Resources */,
				6E4F9BF12A2013EA0000CF78 /* BackupAffirmations.json in Resources */,
			);
			runOnlyForDeploymentPostprocessing = 0;
		};
/* End PBXResourcesBuildPhase section */

/* Begin PBXSourcesBuildPhase section */
		6E2B8CE22A1D84BA00396722 /* Sources */ = {
			isa = PBXSourcesBuildPhase;
			buildActionMask = 2147483647;
			files = (
				6EA310F32A259E33009A807F /* SettingsView.swift in Sources */,
				6E9AFC732A526182008DF0B7 /* TabBarItem.swift in Sources */,
				6E492C972A27FF0000FF8F69 /* RemindersView.swift in Sources */,
				6E4F9C082A2313B70000CF78 /* ColorThemeView.swift in Sources */,
				6E879E192A3E9A79007ED82E /* JournalStore.swift in Sources */,
				6E879E242A3EA6EB007ED82E /* EntryFormView.swift in Sources */,
				6E4F9C0A2A232D500000CF78 /* OnboardingView.swift in Sources */,
				6E9AFC7B2A5261D9008DF0B7 /* AppTabBarView.swift in Sources */,
				6E4F9BFA2A2177AA0000CF78 /* Day.swift in Sources */,
				6E385F992A23EAAB00C4909A /* PageView.swift in Sources */,
				6E385F972A23E96600C4909A /* UserAgreement.swift in Sources */,
				6E4F9BEB2A1FD9500000CF78 /* HomeScreenView.swift in Sources */,
				6EA310EF2A242EF2009A807F /* WelcomeView.swift in Sources */,
				6E879E262A3EA70F007ED82E /* EntryFormViewModel.swift in Sources */,
				6E9AFC772A5261B7008DF0B7 /* CustomTabBarContainerView.swift in Sources */,
				6EBCCEA02A4BAFD200079E4E /* HomeView.swift in Sources */,
				6E4F9BFE2A217C540000CF78 /* DayDetailView.swift in Sources */,
				6E9AFC752A52619B008DF0B7 /* TabBarItemsPreferenceKey.swift in Sources */,
				6EA310F12A259D62009A807F /* ContentView.swift in Sources */,
				6E879E2E2A3EC406007ED82E /* EventsCalendarView.swift in Sources */,
				6E879E2C2A3EC3BB007ED82E /* ListViewRows.swift in Sources */,
				6E2B8CEA2A1D84BA00396722 /* RantingAppApp.swift in Sources */,
				6E9AFC792A5261C6008DF0B7 /* CustomTabBarView.swift in Sources */,
				6E4F9BF32A20154E0000CF78 /* BackupAffirmation.swift in Sources */,
				6E879E282A3EA72F007ED82E /* EntryFormType.swift in Sources */,
				6E4F9BEF2A20109B0000CF78 /* AffirmationAPI.swift in Sources */,
				6E4F9C012A21875A0000CF78 /* TrackingPreferenceView.swift in Sources */,
				6E879E2A2A3EC3A5007ED82E /* EntriesListView.swift in Sources */,
				6E4F9BF52A2025C30000CF78 /* ArticleCard.swift in Sources */,
				6EBCCEA22A4C00F500079E4E /* PetView.swift in Sources */,
				6E4F9C032A218EDD0000CF78 /* UserPreferences.swift in Sources */,
				6E879E1B2A3E9B09007ED82E /* JournalEntry.swift in Sources */,
				6E879E1D2A3EA00A007ED82E /* Date+Extension.swift in Sources */,
				6E4F9BFC2A2178580000CF78 /* MoodCalendarView.swift in Sources */,
				6E879E312A411D44007ED82E /* CustomTabBar.swift in Sources */,
			);
			runOnlyForDeploymentPostprocessing = 0;
		};
/* End PBXSourcesBuildPhase section */

/* Begin XCBuildConfiguration section */
		6E2B8CF22A1D84BA00396722 /* Debug */ = {
			isa = XCBuildConfiguration;
			buildSettings = {
				ALWAYS_SEARCH_USER_PATHS = NO;
				CLANG_ANALYZER_NONNULL = YES;
				CLANG_ANALYZER_NUMBER_OBJECT_CONVERSION = YES_AGGRESSIVE;
				CLANG_CXX_LANGUAGE_STANDARD = "gnu++20";
				CLANG_ENABLE_MODULES = YES;
				CLANG_ENABLE_OBJC_ARC = YES;
				CLANG_ENABLE_OBJC_WEAK = YES;
				CLANG_WARN_BLOCK_CAPTURE_AUTORELEASING = YES;
				CLANG_WARN_BOOL_CONVERSION = YES;
				CLANG_WARN_COMMA = YES;
				CLANG_WARN_CONSTANT_CONVERSION = YES;
				CLANG_WARN_DEPRECATED_OBJC_IMPLEMENTATIONS = YES;
				CLANG_WARN_DIRECT_OBJC_ISA_USAGE = YES_ERROR;
				CLANG_WARN_DOCUMENTATION_COMMENTS = YES;
				CLANG_WARN_EMPTY_BODY = YES;
				CLANG_WARN_ENUM_CONVERSION = YES;
				CLANG_WARN_INFINITE_RECURSION = YES;
				CLANG_WARN_INT_CONVERSION = YES;
				CLANG_WARN_NON_LITERAL_NULL_CONVERSION = YES;
				CLANG_WARN_OBJC_IMPLICIT_RETAIN_SELF = YES;
				CLANG_WARN_OBJC_LITERAL_CONVERSION = YES;
				CLANG_WARN_OBJC_ROOT_CLASS = YES_ERROR;
				CLANG_WARN_QUOTED_INCLUDE_IN_FRAMEWORK_HEADER = YES;
				CLANG_WARN_RANGE_LOOP_ANALYSIS = YES;
				CLANG_WARN_STRICT_PROTOTYPES = YES;
				CLANG_WARN_SUSPICIOUS_MOVE = YES;
				CLANG_WARN_UNGUARDED_AVAILABILITY = YES_AGGRESSIVE;
				CLANG_WARN_UNREACHABLE_CODE = YES;
				CLANG_WARN__DUPLICATE_METHOD_MATCH = YES;
				COPY_PHASE_STRIP = NO;
				DEBUG_INFORMATION_FORMAT = dwarf;
				ENABLE_STRICT_OBJC_MSGSEND = YES;
				ENABLE_TESTABILITY = YES;
				GCC_C_LANGUAGE_STANDARD = gnu11;
				GCC_DYNAMIC_NO_PIC = NO;
				GCC_NO_COMMON_BLOCKS = YES;
				GCC_OPTIMIZATION_LEVEL = 0;
				GCC_PREPROCESSOR_DEFINITIONS = (
					"DEBUG=1",
					"$(inherited)",
				);
				GCC_WARN_64_TO_32_BIT_CONVERSION = YES;
				GCC_WARN_ABOUT_RETURN_TYPE = YES_ERROR;
				GCC_WARN_UNDECLARED_SELECTOR = YES;
				GCC_WARN_UNINITIALIZED_AUTOS = YES_AGGRESSIVE;
				GCC_WARN_UNUSED_FUNCTION = YES;
				GCC_WARN_UNUSED_VARIABLE = YES;
				IPHONEOS_DEPLOYMENT_TARGET = 16.1;
				MTL_ENABLE_DEBUG_INFO = INCLUDE_SOURCE;
				MTL_FAST_MATH = YES;
				ONLY_ACTIVE_ARCH = YES;
				SDKROOT = iphoneos;
				SWIFT_ACTIVE_COMPILATION_CONDITIONS = DEBUG;
				SWIFT_OPTIMIZATION_LEVEL = "-Onone";
			};
			name = Debug;
		};
		6E2B8CF32A1D84BA00396722 /* Release */ = {
			isa = XCBuildConfiguration;
			buildSettings = {
				ALWAYS_SEARCH_USER_PATHS = NO;
				CLANG_ANALYZER_NONNULL = YES;
				CLANG_ANALYZER_NUMBER_OBJECT_CONVERSION = YES_AGGRESSIVE;
				CLANG_CXX_LANGUAGE_STANDARD = "gnu++20";
				CLANG_ENABLE_MODULES = YES;
				CLANG_ENABLE_OBJC_ARC = YES;
				CLANG_ENABLE_OBJC_WEAK = YES;
				CLANG_WARN_BLOCK_CAPTURE_AUTORELEASING = YES;
				CLANG_WARN_BOOL_CONVERSION = YES;
				CLANG_WARN_COMMA = YES;
				CLANG_WARN_CONSTANT_CONVERSION = YES;
				CLANG_WARN_DEPRECATED_OBJC_IMPLEMENTATIONS = YES;
				CLANG_WARN_DIRECT_OBJC_ISA_USAGE = YES_ERROR;
				CLANG_WARN_DOCUMENTATION_COMMENTS = YES;
				CLANG_WARN_EMPTY_BODY = YES;
				CLANG_WARN_ENUM_CONVERSION = YES;
				CLANG_WARN_INFINITE_RECURSION = YES;
				CLANG_WARN_INT_CONVERSION = YES;
				CLANG_WARN_NON_LITERAL_NULL_CONVERSION = YES;
				CLANG_WARN_OBJC_IMPLICIT_RETAIN_SELF = YES;
				CLANG_WARN_OBJC_LITERAL_CONVERSION = YES;
				CLANG_WARN_OBJC_ROOT_CLASS = YES_ERROR;
				CLANG_WARN_QUOTED_INCLUDE_IN_FRAMEWORK_HEADER = YES;
				CLANG_WARN_RANGE_LOOP_ANALYSIS = YES;
				CLANG_WARN_STRICT_PROTOTYPES = YES;
				CLANG_WARN_SUSPICIOUS_MOVE = YES;
				CLANG_WARN_UNGUARDED_AVAILABILITY = YES_AGGRESSIVE;
				CLANG_WARN_UNREACHABLE_CODE = YES;
				CLANG_WARN__DUPLICATE_METHOD_MATCH = YES;
				COPY_PHASE_STRIP = NO;
				DEBUG_INFORMATION_FORMAT = "dwarf-with-dsym";
				ENABLE_NS_ASSERTIONS = NO;
				ENABLE_STRICT_OBJC_MSGSEND = YES;
				GCC_C_LANGUAGE_STANDARD = gnu11;
				GCC_NO_COMMON_BLOCKS = YES;
				GCC_WARN_64_TO_32_BIT_CONVERSION = YES;
				GCC_WARN_ABOUT_RETURN_TYPE = YES_ERROR;
				GCC_WARN_UNDECLARED_SELECTOR = YES;
				GCC_WARN_UNINITIALIZED_AUTOS = YES_AGGRESSIVE;
				GCC_WARN_UNUSED_FUNCTION = YES;
				GCC_WARN_UNUSED_VARIABLE = YES;
				IPHONEOS_DEPLOYMENT_TARGET = 16.1;
				MTL_ENABLE_DEBUG_INFO = NO;
				MTL_FAST_MATH = YES;
				SDKROOT = iphoneos;
				SWIFT_COMPILATION_MODE = wholemodule;
				SWIFT_OPTIMIZATION_LEVEL = "-O";
				VALIDATE_PRODUCT = YES;
			};
			name = Release;
		};
		6E2B8CF52A1D84BA00396722 /* Debug */ = {
			isa = XCBuildConfiguration;
			buildSettings = {
				ASSETCATALOG_COMPILER_APPICON_NAME = AppIcon;
				ASSETCATALOG_COMPILER_GLOBAL_ACCENT_COLOR_NAME = AccentColor;
				CODE_SIGN_STYLE = Automatic;
				CURRENT_PROJECT_VERSION = 1;
				DEVELOPMENT_ASSET_PATHS = "\"RantingApp/Preview Content\"";
				DEVELOPMENT_TEAM = 8LPRNJ8H69;
				ENABLE_PREVIEWS = YES;
				GENERATE_INFOPLIST_FILE = YES;
				INFOPLIST_KEY_UIApplicationSceneManifest_Generation = YES;
				INFOPLIST_KEY_UIApplicationSupportsIndirectInputEvents = YES;
				INFOPLIST_KEY_UILaunchScreen_Generation = YES;
				INFOPLIST_KEY_UISupportedInterfaceOrientations_iPad = "UIInterfaceOrientationPortrait UIInterfaceOrientationPortraitUpsideDown UIInterfaceOrientationLandscapeLeft UIInterfaceOrientationLandscapeRight";
				INFOPLIST_KEY_UISupportedInterfaceOrientations_iPhone = "UIInterfaceOrientationPortrait UIInterfaceOrientationLandscapeLeft UIInterfaceOrientationLandscapeRight";
				LD_RUNPATH_SEARCH_PATHS = (
					"$(inherited)",
					"@executable_path/Frameworks",
				);
				MARKETING_VERSION = 1.0;
				PRODUCT_BUNDLE_IDENTIFIER = "Aaron-McKain.RantingApp";
				PRODUCT_NAME = "$(TARGET_NAME)";
				SWIFT_EMIT_LOC_STRINGS = YES;
				SWIFT_VERSION = 5.0;
				TARGETED_DEVICE_FAMILY = "1,2";
			};
			name = Debug;
		};
		6E2B8CF62A1D84BA00396722 /* Release */ = {
			isa = XCBuildConfiguration;
			buildSettings = {
				ASSETCATALOG_COMPILER_APPICON_NAME = AppIcon;
				ASSETCATALOG_COMPILER_GLOBAL_ACCENT_COLOR_NAME = AccentColor;
				CODE_SIGN_STYLE = Automatic;
				CURRENT_PROJECT_VERSION = 1;
				DEVELOPMENT_ASSET_PATHS = "\"RantingApp/Preview Content\"";
				DEVELOPMENT_TEAM = 8LPRNJ8H69;
				ENABLE_PREVIEWS = YES;
				GENERATE_INFOPLIST_FILE = YES;
				INFOPLIST_KEY_UIApplicationSceneManifest_Generation = YES;
				INFOPLIST_KEY_UIApplicationSupportsIndirectInputEvents = YES;
				INFOPLIST_KEY_UILaunchScreen_Generation = YES;
				INFOPLIST_KEY_UISupportedInterfaceOrientations_iPad = "UIInterfaceOrientationPortrait UIInterfaceOrientationPortraitUpsideDown UIInterfaceOrientationLandscapeLeft UIInterfaceOrientationLandscapeRight";
				INFOPLIST_KEY_UISupportedInterfaceOrientations_iPhone = "UIInterfaceOrientationPortrait UIInterfaceOrientationLandscapeLeft UIInterfaceOrientationLandscapeRight";
				LD_RUNPATH_SEARCH_PATHS = (
					"$(inherited)",
					"@executable_path/Frameworks",
				);
				MARKETING_VERSION = 1.0;
				PRODUCT_BUNDLE_IDENTIFIER = "Aaron-McKain.RantingApp";
				PRODUCT_NAME = "$(TARGET_NAME)";
				SWIFT_EMIT_LOC_STRINGS = YES;
				SWIFT_VERSION = 5.0;
				TARGETED_DEVICE_FAMILY = "1,2";
			};
			name = Release;
		};
/* End XCBuildConfiguration section */

/* Begin XCConfigurationList section */
		6E2B8CE12A1D84BA00396722 /* Build configuration list for PBXProject "RantingApp" */ = {
			isa = XCConfigurationList;
			buildConfigurations = (
				6E2B8CF22A1D84BA00396722 /* Debug */,
				6E2B8CF32A1D84BA00396722 /* Release */,
			);
			defaultConfigurationIsVisible = 0;
			defaultConfigurationName = Release;
		};
		6E2B8CF42A1D84BA00396722 /* Build configuration list for PBXNativeTarget "RantingApp" */ = {
			isa = XCConfigurationList;
			buildConfigurations = (
				6E2B8CF52A1D84BA00396722 /* Debug */,
				6E2B8CF62A1D84BA00396722 /* Release */,
			);
			defaultConfigurationIsVisible = 0;
			defaultConfigurationName = Release;
		};
/* End XCConfigurationList section */
	};
	rootObject = 6E2B8CDE2A1D84BA00396722 /* Project object */;
}
